
Microsoft Visual Studio Solution File, Format Version 12.00
# Visual Studio Version 16
VisualStudioVersion = 16.0.29009.5
MinimumVisualStudioVersion = 10.0.40219.1
Project("{FAE04EC0-301F-11D3-BF4B-00C04F79EFBC}") = "sistema-de-facturacion", "sistema-de-facturacion.csproj", "{A98BF95A-5D3D-497C-8D95-2B92EAB85443}"
EndProject
Global
	GlobalSection(SolutionConfigurationPlatforms) = preSolution
		Debug|Any CPU = Debug|Any CPU
		Release|Any CPU = Release|Any CPU
	EndGlobalSection
	GlobalSection(ProjectConfigurationPlatforms) = postSolution
		{A98BF95A-5D3D-497C-8D95-2B92EAB85443}.Debug|Any CPU.ActiveCfg = Debug|Any CPU
		{A98BF95A-5D3D-497C-8D95-2B92EAB85443}.Debug|Any CPU.Build.0 = Debug|Any CPU
		{A98BF95A-5D3D-497C-8D95-2B92EAB85443}.Release|Any CPU.ActiveCfg = Release|Any CPU
		{A98BF95A-5D3D-497C-8D95-2B92EAB85443}.Release|Any CPU.Build.0 = Release|Any CPU
	EndGlobalSection
	GlobalSection(SolutionProperties) = preSolution
		HideSolutionNode = FALSE
	EndGlobalSection
	GlobalSection(ExtensibilityGlobals) = postSolution
		SolutionGuid = {4BAE3E97-C6F5-49E2-AD51-DDFA21A302F1}
	EndGlobalSection
EndGlobal
